
Microsoft Visual Studio Solution File, Format Version 12.00
# Visual Studio 15
VisualStudioVersion = 15.0.28307.572
MinimumVisualStudioVersion = 10.0.40219.1
Project("{FAE04EC0-301F-11D3-BF4B-00C04F79EFBC}") = "CodeGenerator.Common", "CodeGenerator.Common\CodeGenerator.Common.csproj", "{70512202-75E4-4E60-9C17-3E263B7386E5}"
EndProject
Project("{FAE04EC0-301F-11D3-BF4B-00C04F79EFBC}") = "CodeGenerator.MicroService", "CodeGenerator.MicroService\CodeGenerator.MicroService.csproj", "{1628BFFC-2706-4BE2-8C2B-C7ACA7B01FAB}"
EndProject
Project("{FAE04EC0-301F-11D3-BF4B-00C04F79EFBC}") = "CodeGenerator", "CodeGenerator\CodeGenerator.csproj", "{702F8A09-E193-4D9F-B6CA-86D69A133E7E}"
EndProject
Global
	GlobalSection(SolutionConfigurationPlatforms) = preSolution
		Debug|Any CPU = Debug|Any CPU
		Debug|x86 = Debug|x86
		Release|Any CPU = Release|Any CPU
		Release|x86 = Release|x86
	EndGlobalSection
	GlobalSection(ProjectConfigurationPlatforms) = postSolution
		{70512202-75E4-4E60-9C17-3E263B7386E5}.Debug|Any CPU.ActiveCfg = Debug|Any CPU
		{70512202-75E4-4E60-9C17-3E263B7386E5}.Debug|Any CPU.Build.0 = Debug|Any CPU
		{70512202-75E4-4E60-9C17-3E263B7386E5}.Debug|x86.ActiveCfg = Debug|Any CPU
		{70512202-75E4-4E60-9C17-3E263B7386E5}.Debug|x86.Build.0 = Debug|Any CPU
		{70512202-75E4-4E60-9C17-3E263B7386E5}.Release|Any CPU.ActiveCfg = Release|Any CPU
		{70512202-75E4-4E60-9C17-3E263B7386E5}.Release|Any CPU.Build.0 = Release|Any CPU
		{70512202-75E4-4E60-9C17-3E263B7386E5}.Release|x86.ActiveCfg = Release|Any CPU
		{70512202-75E4-4E60-9C17-3E263B7386E5}.Release|x86.Build.0 = Release|Any CPU
		{1628BFFC-2706-4BE2-8C2B-C7ACA7B01FAB}.Debug|Any CPU.ActiveCfg = Debug|x86
		{1628BFFC-2706-4BE2-8C2B-C7ACA7B01FAB}.Debug|x86.ActiveCfg = Debug|x86
		{1628BFFC-2706-4BE2-8C2B-C7ACA7B01FAB}.Debug|x86.Build.0 = Debug|x86
		{1628BFFC-2706-4BE2-8C2B-C7ACA7B01FAB}.Release|Any CPU.ActiveCfg = Release|x86
		{1628BFFC-2706-4BE2-8C2B-C7ACA7B01FAB}.Release|x86.ActiveCfg = Release|x86
		{1628BFFC-2706-4BE2-8C2B-C7ACA7B01FAB}.Release|x86.Build.0 = Release|x86
		{702F8A09-E193-4D9F-B6CA-86D69A133E7E}.Debug|Any CPU.ActiveCfg = Debug|x86
		{702F8A09-E193-4D9F-B6CA-86D69A133E7E}.Debug|x86.ActiveCfg = Debug|x86
		{702F8A09-E193-4D9F-B6CA-86D69A133E7E}.Debug|x86.Build.0 = Debug|x86
		{702F8A09-E193-4D9F-B6CA-86D69A133E7E}.Release|Any CPU.ActiveCfg = Release|x86
		{702F8A09-E193-4D9F-B6CA-86D69A133E7E}.Release|x86.ActiveCfg = Release|x86
		{702F8A09-E193-4D9F-B6CA-86D69A133E7E}.Release|x86.Build.0 = Release|x86
	EndGlobalSection
	GlobalSection(SolutionProperties) = preSolution
		HideSolutionNode = FALSE
	EndGlobalSection
	GlobalSection(ExtensibilityGlobals) = postSolution
		SolutionGuid = {5E07CA07-02B2-43F3-BDBC-07B8F96630F2}
	EndGlobalSection
EndGlobal
